
Microsoft Visual Studio Solution File, Format Version 12.00
# Visual Studio 14
VisualStudioVersion = 14.0.25420.1
MinimumVisualStudioVersion = 10.0.40219.1
Project("{FAE04EC0-301F-11D3-BF4B-00C04F79EFBC}") = "MyProject", "MyProject\MyProject.csproj", "{102DCE62-9DAC-4D8C-9695-E7DED4F67182}"
EndProject
Project("{FAE04EC0-301F-11D3-BF4B-00C04F79EFBC}") = "MyProject.Tests", "MyProject.Tests\MyProject.Tests.csproj", "{4F3F6630-08AE-4899-AC2C-147AE939CD6F}"
EndProject
Project("{FAE04EC0-301F-11D3-BF4B-00C04F79EFBC}") = "MyProjectDAL", "MyProjectDAL\MyProjectDAL.csproj", "{2BCAAC28-EE08-433D-B01A-32E06226DACA}"
EndProject
Project("{FAE04EC0-301F-11D3-BF4B-00C04F79EFBC}") = "MyProjectBLL", "MyProjectBLL\MyProjectBLL.csproj", "{76914EAC-3135-4487-9D37-C447CDBDB76B}"
EndProject
Global
	GlobalSection(SolutionConfigurationPlatforms) = preSolution
		Debug|Any CPU = Debug|Any CPU
		Release|Any CPU = Release|Any CPU
	EndGlobalSection
	GlobalSection(ProjectConfigurationPlatforms) = postSolution
		{102DCE62-9DAC-4D8C-9695-E7DED4F67182}.Debug|Any CPU.ActiveCfg = Debug|Any CPU
		{102DCE62-9DAC-4D8C-9695-E7DED4F67182}.Debug|Any CPU.Build.0 = Debug|Any CPU
		{102DCE62-9DAC-4D8C-9695-E7DED4F67182}.Release|Any CPU.ActiveCfg = Release|Any CPU
		{102DCE62-9DAC-4D8C-9695-E7DED4F67182}.Release|Any CPU.Build.0 = Release|Any CPU
		{4F3F6630-08AE-4899-AC2C-147AE939CD6F}.Debug|Any CPU.ActiveCfg = Debug|Any CPU
		{4F3F6630-08AE-4899-AC2C-147AE939CD6F}.Debug|Any CPU.Build.0 = Debug|Any CPU
		{4F3F6630-08AE-4899-AC2C-147AE939CD6F}.Release|Any CPU.ActiveCfg = Release|Any CPU
		{4F3F6630-08AE-4899-AC2C-147AE939CD6F}.Release|Any CPU.Build.0 = Release|Any CPU
		{2BCAAC28-EE08-433D-B01A-32E06226DACA}.Debug|Any CPU.ActiveCfg = Debug|Any CPU
		{2BCAAC28-EE08-433D-B01A-32E06226DACA}.Debug|Any CPU.Build.0 = Debug|Any CPU
		{2BCAAC28-EE08-433D-B01A-32E06226DACA}.Release|Any CPU.ActiveCfg = Release|Any CPU
		{2BCAAC28-EE08-433D-B01A-32E06226DACA}.Release|Any CPU.Build.0 = Release|Any CPU
		{76914EAC-3135-4487-9D37-C447CDBDB76B}.Debug|Any CPU.ActiveCfg = Debug|Any CPU
		{76914EAC-3135-4487-9D37-C447CDBDB76B}.Debug|Any CPU.Build.0 = Debug|Any CPU
		{76914EAC-3135-4487-9D37-C447CDBDB76B}.Release|Any CPU.ActiveCfg = Release|Any CPU
		{76914EAC-3135-4487-9D37-C447CDBDB76B}.Release|Any CPU.Build.0 = Release|Any CPU
	EndGlobalSection
	GlobalSection(SolutionProperties) = preSolution
		HideSolutionNode = FALSE
	EndGlobalSection
EndGlobal
